
Microsoft Visual Studio Solution File, Format Version 11.00
# Visual Studio 2010
Project("{FAE04EC0-301F-11D3-BF4B-00C04F79EFBC}") = "AnalysisUK.BuildMachine.CCNetExtensions", "AnalysisUK.BuildMachine.CCNetExtensions\AnalysisUK.BuildMachine.CCNetExtensions.csproj", "{65D0A674-D70B-47B3-92BD-C31C33B2F71F}"
EndProject
Project("{FAE04EC0-301F-11D3-BF4B-00C04F79EFBC}") = "AnalysisUK.BuildMachine.CCNetExtensions.Tests", "AnalysisUK.BuildMachine.CCNetExtensions.Tests\AnalysisUK.BuildMachine.CCNetExtensions.Tests.csproj", "{079F0BC9-CCFF-4BD5-BA51-05398A5468B6}"
EndProject
Project("{2150E333-8FDC-42A3-9474-1A3956D46DE8}") = "Solution Items", "Solution Items", "{39A6D190-6190-4A2E-A076-98DCECE1113B}"
	ProjectSection(SolutionItems) = preProject
		build.proj = build.proj
		README = README
		Sample.CCNET.config = Sample.CCNET.config
	EndProjectSection
EndProject
Project("{2150E333-8FDC-42A3-9474-1A3956D46DE8}") = ".nuget", ".nuget", "{00B32391-8B41-476D-B01D-82F040178435}"
	ProjectSection(SolutionItems) = preProject
		AnalysisUK.BuildMachine.CCNetExtensions\.nuget\packages.config = AnalysisUK.BuildMachine.CCNetExtensions\.nuget\packages.config
	EndProjectSection
EndProject
Global
	GlobalSection(SolutionConfigurationPlatforms) = preSolution
		Debug|Any CPU = Debug|Any CPU
		Release|Any CPU = Release|Any CPU
	EndGlobalSection
	GlobalSection(ProjectConfigurationPlatforms) = postSolution
		{65D0A674-D70B-47B3-92BD-C31C33B2F71F}.Debug|Any CPU.ActiveCfg = Debug|Any CPU
		{65D0A674-D70B-47B3-92BD-C31C33B2F71F}.Debug|Any CPU.Build.0 = Debug|Any CPU
		{65D0A674-D70B-47B3-92BD-C31C33B2F71F}.Release|Any CPU.ActiveCfg = Release|Any CPU
		{65D0A674-D70B-47B3-92BD-C31C33B2F71F}.Release|Any CPU.Build.0 = Release|Any CPU
		{079F0BC9-CCFF-4BD5-BA51-05398A5468B6}.Debug|Any CPU.ActiveCfg = Debug|Any CPU
		{079F0BC9-CCFF-4BD5-BA51-05398A5468B6}.Debug|Any CPU.Build.0 = Debug|Any CPU
		{079F0BC9-CCFF-4BD5-BA51-05398A5468B6}.Release|Any CPU.ActiveCfg = Release|Any CPU
		{079F0BC9-CCFF-4BD5-BA51-05398A5468B6}.Release|Any CPU.Build.0 = Release|Any CPU
	EndGlobalSection
	GlobalSection(SolutionProperties) = preSolution
		HideSolutionNode = FALSE
	EndGlobalSection
EndGlobal
